
Microsoft Visual Studio Solution File, Format Version 12.00
# Visual Studio Version 16
VisualStudioVersion = 16.0.31702.278
MinimumVisualStudioVersion = 10.0.40219.1
Project("{9A19103F-16F7-4668-BE54-9A1E7A4F7556}") = "1 Retangle area", "10.1.1\1 Retangle area.csproj", "{3BE3E580-34AB-4C47-BA5D-79E296E79AEF}"
EndProject
Project("{9A19103F-16F7-4668-BE54-9A1E7A4F7556}") = "2 Circle Perimeter", "2 Area do circulo\2 Circle Perimeter.csproj", "{946B1476-D4CF-464E-AFC4-474AA0BB8786}"
EndProject
Project("{9A19103F-16F7-4668-BE54-9A1E7A4F7556}") = "3 Car Distance", "3 Car Distance\3 Car Distance.csproj", "{1AD67A61-C35D-4E28-93DD-F07DAF191646}"
EndProject
Project("{9A19103F-16F7-4668-BE54-9A1E7A4F7556}") = "4 Farenheit to Kelvim temp", "5 Farenheit to Kelvim temp\4 Farenheit to Kelvim temp.csproj", "{4AA68F63-BE84-4078-8684-4F9D44EA7413}"
EndProject
Project("{9A19103F-16F7-4668-BE54-9A1E7A4F7556}") = "5 Sales tax", "5 Sales tax\5 Sales tax.csproj", "{971A0D01-4B28-4583-BB89-4A8FB11AF630}"
EndProject
Project("{9A19103F-16F7-4668-BE54-9A1E7A4F7556}") = "6 Sales price", "6 Sales price\6 Sales price.csproj", "{47B86251-0E9D-4FDC-83CE-B3295F644466}"
EndProject
Global
	GlobalSection(SolutionConfigurationPlatforms) = preSolution
		Debug|Any CPU = Debug|Any CPU
		Release|Any CPU = Release|Any CPU
	EndGlobalSection
	GlobalSection(ProjectConfigurationPlatforms) = postSolution
		{3BE3E580-34AB-4C47-BA5D-79E296E79AEF}.Debug|Any CPU.ActiveCfg = Debug|Any CPU
		{3BE3E580-34AB-4C47-BA5D-79E296E79AEF}.Debug|Any CPU.Build.0 = Debug|Any CPU
		{3BE3E580-34AB-4C47-BA5D-79E296E79AEF}.Release|Any CPU.ActiveCfg = Release|Any CPU
		{3BE3E580-34AB-4C47-BA5D-79E296E79AEF}.Release|Any CPU.Build.0 = Release|Any CPU
		{946B1476-D4CF-464E-AFC4-474AA0BB8786}.Debug|Any CPU.ActiveCfg = Debug|Any CPU
		{946B1476-D4CF-464E-AFC4-474AA0BB8786}.Debug|Any CPU.Build.0 = Debug|Any CPU
		{946B1476-D4CF-464E-AFC4-474AA0BB8786}.Release|Any CPU.ActiveCfg = Release|Any CPU
		{946B1476-D4CF-464E-AFC4-474AA0BB8786}.Release|Any CPU.Build.0 = Release|Any CPU
		{1AD67A61-C35D-4E28-93DD-F07DAF191646}.Debug|Any CPU.ActiveCfg = Debug|Any CPU
		{1AD67A61-C35D-4E28-93DD-F07DAF191646}.Debug|Any CPU.Build.0 = Debug|Any CPU
		{1AD67A61-C35D-4E28-93DD-F07DAF191646}.Release|Any CPU.ActiveCfg = Release|Any CPU
		{1AD67A61-C35D-4E28-93DD-F07DAF191646}.Release|Any CPU.Build.0 = Release|Any CPU
		{4AA68F63-BE84-4078-8684-4F9D44EA7413}.Debug|Any CPU.ActiveCfg = Debug|Any CPU
		{4AA68F63-BE84-4078-8684-4F9D44EA7413}.Debug|Any CPU.Build.0 = Debug|Any CPU
		{4AA68F63-BE84-4078-8684-4F9D44EA7413}.Release|Any CPU.ActiveCfg = Release|Any CPU
		{4AA68F63-BE84-4078-8684-4F9D44EA7413}.Release|Any CPU.Build.0 = Release|Any CPU
		{971A0D01-4B28-4583-BB89-4A8FB11AF630}.Debug|Any CPU.ActiveCfg = Debug|Any CPU
		{971A0D01-4B28-4583-BB89-4A8FB11AF630}.Debug|Any CPU.Build.0 = Debug|Any CPU
		{971A0D01-4B28-4583-BB89-4A8FB11AF630}.Release|Any CPU.ActiveCfg = Release|Any CPU
		{971A0D01-4B28-4583-BB89-4A8FB11AF630}.Release|Any CPU.Build.0 = Release|Any CPU
		{47B86251-0E9D-4FDC-83CE-B3295F644466}.Debug|Any CPU.ActiveCfg = Debug|Any CPU
		{47B86251-0E9D-4FDC-83CE-B3295F644466}.Debug|Any CPU.Build.0 = Debug|Any CPU
		{47B86251-0E9D-4FDC-83CE-B3295F644466}.Release|Any CPU.ActiveCfg = Release|Any CPU
		{47B86251-0E9D-4FDC-83CE-B3295F644466}.Release|Any CPU.Build.0 = Release|Any CPU
	EndGlobalSection
	GlobalSection(SolutionProperties) = preSolution
		HideSolutionNode = FALSE
	EndGlobalSection
	GlobalSection(ExtensibilityGlobals) = postSolution
		SolutionGuid = {48480D45-874A-419A-B539-DA481AD9722F}
	EndGlobalSection
EndGlobal
